
Microsoft Visual Studio Solution File, Format Version 12.00
# Visual Studio Version 17
VisualStudioVersion = 17.6.33815.320
MinimumVisualStudioVersion = 10.0.40219.1
Project("{FAE04EC0-301F-11D3-BF4B-00C04F79EFBC}") = "LibraryManagement.Business", "LibraryManagement.Business\LibraryManagement.Business.csproj", "{AADF389D-0719-4EF0-93AF-67951638A5C3}"
EndProject
Project("{FAE04EC0-301F-11D3-BF4B-00C04F79EFBC}") = "LibraryManagement.Data", "LibraryManagement.Data\LibraryManagement.Data.csproj", "{62B0D50D-E6A6-4F2D-98C1-926A5CDA3C6E}"
EndProject
Project("{FAE04EC0-301F-11D3-BF4B-00C04F79EFBC}") = "LibraryManagement.Web", "LibraryManagement.Web\LibraryManagement.Web.csproj", "{2411305A-1E01-4CCB-98D9-72F2B063BF39}"
EndProject
Global
	GlobalSection(SolutionConfigurationPlatforms) = preSolution
		Debug|Any CPU = Debug|Any CPU
		Release|Any CPU = Release|Any CPU
	EndGlobalSection
	GlobalSection(ProjectConfigurationPlatforms) = postSolution
		{AADF389D-0719-4EF0-93AF-67951638A5C3}.Debug|Any CPU.ActiveCfg = Debug|Any CPU
		{AADF389D-0719-4EF0-93AF-67951638A5C3}.Debug|Any CPU.Build.0 = Debug|Any CPU
		{AADF389D-0719-4EF0-93AF-67951638A5C3}.Release|Any CPU.ActiveCfg = Release|Any CPU
		{AADF389D-0719-4EF0-93AF-67951638A5C3}.Release|Any CPU.Build.0 = Release|Any CPU
		{62B0D50D-E6A6-4F2D-98C1-926A5CDA3C6E}.Debug|Any CPU.ActiveCfg = Debug|Any CPU
		{62B0D50D-E6A6-4F2D-98C1-926A5CDA3C6E}.Debug|Any CPU.Build.0 = Debug|Any CPU
		{62B0D50D-E6A6-4F2D-98C1-926A5CDA3C6E}.Release|Any CPU.ActiveCfg = Release|Any CPU
		{62B0D50D-E6A6-4F2D-98C1-926A5CDA3C6E}.Release|Any CPU.Build.0 = Release|Any CPU
		{2411305A-1E01-4CCB-98D9-72F2B063BF39}.Debug|Any CPU.ActiveCfg = Debug|Any CPU
		{2411305A-1E01-4CCB-98D9-72F2B063BF39}.Debug|Any CPU.Build.0 = Debug|Any CPU
		{2411305A-1E01-4CCB-98D9-72F2B063BF39}.Release|Any CPU.ActiveCfg = Release|Any CPU
		{2411305A-1E01-4CCB-98D9-72F2B063BF39}.Release|Any CPU.Build.0 = Release|Any CPU
	EndGlobalSection
	GlobalSection(SolutionProperties) = preSolution
		HideSolutionNode = FALSE
	EndGlobalSection
	GlobalSection(ExtensibilityGlobals) = postSolution
		SolutionGuid = {57C0D4B2-2B4C-4DE1-AFD5-FDA02C013CCF}
	EndGlobalSection
EndGlobal
